<?xml version="1.0" encoding="utf-8"?>
<Project ToolsVersion="4.0" xmlns="http://schemas.microsoft.com/developer/msbuild/2003">
  <ItemGroup>
    <Filter Include="Header Files">
      <UniqueIdentifier>{93995380-89BD-4b04-88EB-625FBE52EBFB}</UniqueIdentifier>
      <Extensions>h;hpp;hxx;hm;inl;inc;xsd</Extensions>
    </Filter>
    <Filter Include="Header Files\Fields">
      <UniqueIdentifier>{4acaa55d-6760-4d89-bd0d-e913b505088a}</UniqueIdentifier>
    </Filter>
    <Filter Include="Header Files\Output">
      <UniqueIdentifier>{948c1b86-ae0a-4a7e-8293-7b3c31dd99a1}</UniqueIdentifier>
    </Filter>
    <Filter Include="Header Files\Records">
      <UniqueIdentifier>{650cf749-e9b0-4d4e-ba9f-4a5136eee6c5}</UniqueIdentifier>
    </Filter>
    <Filter Include="Header Files\Tools">
      <UniqueIdentifier>{e534dcdf-856b-4df4-a2cf-cb924ef1c754}</UniqueIdentifier>
    </Filter>
    <Filter Include="Source Files">
      <UniqueIdentifier>{4FC737F1-C7A5-4376-A066-2A32D752A2FF}</UniqueIdentifier>
      <Extensions>cpp;c;cc;cxx;def;odl;idl;hpj;bat;asm;asmx</Extensions>
    </Filter>
    <Filter Include="Source Files\Fields">
      <UniqueIdentifier>{e7f91ef8-b770-4be1-bdf2-72acf034f5cd}</UniqueIdentifier>
    </Filter>
    <Filter Include="Source Files\Output">
      <UniqueIdentifier>{7230c662-a6a6-4930-991d-0e8c126724b0}</UniqueIdentifier>
    </Filter>
    <Filter Include="Source Files\Records">
      <UniqueIdentifier>{51df3fa5-cced-4f59-aa29-ce2ebd73e351}</UniqueIdentifier>
    </Filter>
    <Filter Include="Source Files\Tools">
      <UniqueIdentifier>{48d88dfd-a6c2-4f08-bce6-b0f530b49550}</UniqueIdentifier>
    </Filter>
  </ItemGroup>
  <ItemGroup>
    <ClCompile Include="..\src\bafdefines.cpp">
      <Filter>Source Files</Filter>
    </ClCompile>
    <ClCompile Include="..\src\baffile.cpp">
      <Filter>Source Files\Tools</Filter>
    </ClCompile>
    <ClCompile Include="..\src\bafprp.cpp">
      <Filter>Source Files</Filter>
    </ClCompile>
    <ClCompile Include="..\src\bafrecord.cpp">
      <Filter>Source Files\Records</Filter>
    </ClCompile>
    <ClCompile Include="..\src\base64.cpp">
      <Filter>Source Files\Tools</Filter>
    </ClCompile>
    <ClCompile Include="..\src\compat.cpp">
      <Filter>Source Files\Tools</Filter>
    </ClCompile>
    <ClCompile Include="..\src\consoleoutput.cpp">
      <Filter>Source Files\Output</Filter>
    </ClCompile>
    <ClCompile Include="..\src\crc32.cpp">
      <Filter>Source Files\Tools</Filter>
    </ClCompile>
    <ClCompile Include="..\src\csvoutput.cpp">
      <Filter>Source Files\Output</Filter>
    </ClCompile>
    <ClCompile Include="..\src\date_dt.cpp">
      <Filter>Source Files\Fields</Filter>
    </ClCompile>
    <ClCompile Include="..\src\duration_dt.cpp">
      <Filter>Source Files\Fields</Filter>
    </ClCompile>
    <ClCompile Include="..\src\emailoutput.cpp">
      <Filter>Source Files\Output</Filter>
    </ClCompile>
    <ClCompile Include="..\src\field_defs.cpp">
      <Filter>Source Files\Fields</Filter>
    </ClCompile>
    <ClCompile Include="..\src\fileoutput.cpp">
      <Filter>Source Files\Output</Filter>
    </ClCompile>
    <ClCompile Include="..\src\ifield.cpp">
      <Filter>Source Files\Fields</Filter>
    </ClCompile>
    <ClCompile Include="..\src\mailer.cpp">
      <Filter>Source Files\Tools</Filter>
    </ClCompile>
    <ClCompile Include="..\src\mssqloutput.cpp">
      <Filter>Source Files\Output</Filter>
    </ClCompile>
    <ClCompile Include="..\src\mysqloutput.cpp">
      <Filter>Source Files\Output</Filter>
    </ClCompile>
    <ClCompile Include="..\src\nooutput.cpp">
      <Filter>Source Files\Output</Filter>
    </ClCompile>
    <ClCompile Include="..\src\number_dt.cpp">
      <Filter>Source Files\Fields</Filter>
    </ClCompile>
    <ClCompile Include="..\src\number_switch_dt.cpp">
      <Filter>Source Files\Fields</Filter>
    </ClCompile>
    <ClCompile Include="..\src\output.cpp">
      <Filter>Source Files\Output</Filter>
    </ClCompile>
    <ClCompile Include="..\src\phonenumber_dt.cpp">
      <Filter>Source Files\Fields</Filter>
    </ClCompile>
    <ClCompile Include="..\src\record_defs.cpp">
      <Filter>Source Files\Records</Filter>
    </ClCompile>
    <ClCompile Include="..\src\switch_dt.cpp">
      <Filter>Source Files\Fields</Filter>
    </ClCompile>
    <ClCompile Include="..\src\time_dt.cpp">
      <Filter>Source Files\Fields</Filter>
    </ClCompile>
    <ClCompile Include="..\src\shortduration_dt.cpp">
      <Filter>Source Files\Fields</Filter>
    </ClCompile>
    <ClCompile Include="..\src\amadns_dt.cpp">
      <Filter>Source Files\Fields</Filter>
    </ClCompile>
    <ClCompile Include="..\src\pgsqloutput.cpp">
      <Filter>Source Files\Output</Filter>
    </ClCompile>
  </ItemGroup>
  <ItemGroup>
    <ClInclude Include="..\include\bafdefines.h">
      <Filter>Header Files</Filter>
    </ClInclude>
    <ClInclude Include="..\include\baffile.h">
      <Filter>Header Files\Tools</Filter>
    </ClInclude>
    <ClInclude Include="..\include\bafrecord.h">
      <Filter>Header Files\Records</Filter>
    </ClInclude>
    <ClInclude Include="..\include\base64.h">
      <Filter>Header Files\Tools</Filter>
    </ClInclude>
    <ClInclude Include="..\include\compat.h">
      <Filter>Header Files\Tools</Filter>
    </ClInclude>
    <ClInclude Include="..\include\consoleoutput.h">
      <Filter>Header Files\Output</Filter>
    </ClInclude>
    <ClInclude Include="..\include\crc32.h">
      <Filter>Header Files\Tools</Filter>
    </ClInclude>
    <ClInclude Include="..\include\csvoutput.h">
      <Filter>Header Files\Output</Filter>
    </ClInclude>
    <ClInclude Include="..\include\date_dt.h">
      <Filter>Header Files\Fields</Filter>
    </ClInclude>
    <ClInclude Include="..\include\duration_dt.h">
      <Filter>Header Files\Fields</Filter>
    </ClInclude>
    <ClInclude Include="..\include\emailoutput.h">
      <Filter>Header Files\Output</Filter>
    </ClInclude>
    <ClInclude Include="..\include\fileoutput.h">
      <Filter>Header Files\Output</Filter>
    </ClInclude>
    <ClInclude Include="..\include\ifield.h">
      <Filter>Header Files\Fields</Filter>
    </ClInclude>
    <ClInclude Include="..\include\jwsmtp.h">
      <Filter>Header Files\Tools</Filter>
    </ClInclude>
    <ClInclude Include="..\include\mailer.h">
      <Filter>Header Files\Tools</Filter>
    </ClInclude>
    <ClInclude Include="..\include\mssqloutput.h">
      <Filter>Header Files\Output</Filter>
    </ClInclude>
    <ClInclude Include="..\include\mysqloutput.h">
      <Filter>Header Files\Output</Filter>
    </ClInclude>
    <ClInclude Include="..\include\nooutput.h">
      <Filter>Header Files\Output</Filter>
    </ClInclude>
    <ClInclude Include="..\include\number_dt.h">
      <Filter>Header Files\Fields</Filter>
    </ClInclude>
    <ClInclude Include="..\include\number_switch_dt.h">
      <Filter>Header Files\Fields</Filter>
    </ClInclude>
    <ClInclude Include="..\include\output.h">
      <Filter>Header Files\Output</Filter>
    </ClInclude>
    <ClInclude Include="..\include\phonenumber_dt.h">
      <Filter>Header Files\Fields</Filter>
    </ClInclude>
    <ClInclude Include="..\include\switch_dt.h">
      <Filter>Header Files\Fields</Filter>
    </ClInclude>
    <ClInclude Include="..\include\time_dt.h">
      <Filter>Header Files\Fields</Filter>
    </ClInclude>
    <ClInclude Include="..\include\shortduration_dt.h">
      <Filter>Header Files\Fields</Filter>
    </ClInclude>
    <ClInclude Include="..\include\amadns_dt.h">
      <Filter>Header Files\Fields</Filter>
    </ClInclude>
    <ClInclude Include="..\include\pgsqloutput.h">
      <Filter>Header Files\Output</Filter>
    </ClInclude>
  </ItemGroup>
</Project>